// !$*UTF8*$!
{
	archiveVersion = 1;
	classes = {
	};
	objectVersion = 55;
	objects = {

/* Begin PBXBuildFile section */
		6E88F0B1281FE21700677B47 /* Welfare_HelperApp.swift in Sources */ = {isa = PBXBuildFile; fileRef = 6E88F0B0281FE21700677B47 /* Welfare_HelperApp.swift */; };
		6E88F0B3281FE21700677B47 /* ContentView.swift in Sources */ = {isa = PBXBuildFile; fileRef = 6E88F0B2281FE21700677B47 /* ContentView.swift */; };
		6E88F0B5281FE22100677B47 /* Assets.xcassets in Resources */ = {isa = PBXBuildFile; fileRef = 6E88F0B4281FE22100677B47 /* Assets.xcassets */; };
		6E88F0B8281FE22100677B47 /* Preview Assets.xcassets in Resources */ = {isa = PBXBuildFile; fileRef = 6E88F0B7281FE22100677B47 /* Preview Assets.xcassets */; };
		6E88F0C028226F0100677B47 /* Theme.swift in Sources */ = {isa = PBXBuildFile; fileRef = 6E88F0BF28226F0100677B47 /* Theme.swift */; };
		6ECEAE932822CBE20004431A /* CardView.swift in Sources */ = {isa = PBXBuildFile; fileRef = 6ECEAE922822CBE20004431A /* CardView.swift */; };
		6ECEAE952822D02D0004431A /* CardViewDataSrc.swift in Sources */ = {isa = PBXBuildFile; fileRef = 6ECEAE942822D02D0004431A /* CardViewDataSrc.swift */; };
		6ECEAE972822D4830004431A /* CardViewStruct.swift in Sources */ = {isa = PBXBuildFile; fileRef = 6ECEAE962822D4830004431A /* CardViewStruct.swift */; };
		6ECEAE992824F2FC0004431A /* InputView.swift in Sources */ = {isa = PBXBuildFile; fileRef = 6ECEAE982824F2FC0004431A /* InputView.swift */; };
		6ECEAE9D28254FAB0004431A /* SpeechRecognizer.swift in Sources */ = {isa = PBXBuildFile; fileRef = 6ECEAE9C28254FAB0004431A /* SpeechRecognizer.swift */; };
/* End PBXBuildFile section */

/* Begin PBXFileReference section */
		6E88F0AD281FE21700677B47 /* Welfare Helper.app */ = {isa = PBXFileReference; explicitFileType = wrapper.application; includeInIndex = 0; path = "Welfare Helper.app"; sourceTree = BUILT_PRODUCTS_DIR; };
		6E88F0B0281FE21700677B47 /* Welfare_HelperApp.swift */ = {isa = PBXFileReference; lastKnownFileType = sourcecode.swift; path = Welfare_HelperApp.swift; sourceTree = "<group>"; };
		6E88F0B2281FE21700677B47 /* ContentView.swift */ = {isa = PBXFileReference; lastKnownFileType = sourcecode.swift; path = ContentView.swift; sourceTree = "<group>"; };
		6E88F0B4281FE22100677B47 /* Assets.xcassets */ = {isa = PBXFileReference; lastKnownFileType = folder.assetcatalog; path = Assets.xcassets; sourceTree = "<group>"; };
		6E88F0B7281FE22100677B47 /* Preview Assets.xcassets */ = {isa = PBXFileReference; lastKnownFileType = folder.assetcatalog; path = "Preview Assets.xcassets"; sourceTree = "<group>"; };
		6E88F0BF28226F0100677B47 /* Theme.swift */ = {isa = PBXFileReference; lastKnownFileType = sourcecode.swift; path = Theme.swift; sourceTree = "<group>"; };
		6ECEAE922822CBE20004431A /* CardView.swift */ = {isa = PBXFileReference; lastKnownFileType = sourcecode.swift; path = CardView.swift; sourceTree = "<group>"; };
		6ECEAE942822D02D0004431A /* CardViewDataSrc.swift */ = {isa = PBXFileReference; lastKnownFileType = sourcecode.swift; path = CardViewDataSrc.swift; sourceTree = "<group>"; };
		6ECEAE962822D4830004431A /* CardViewStruct.swift */ = {isa = PBXFileReference; lastKnownFileType = sourcecode.swift; path = CardViewStruct.swift; sourceTree = "<group>"; };
		6ECEAE982824F2FC0004431A /* InputView.swift */ = {isa = PBXFileReference; lastKnownFileType = sourcecode.swift; path = InputView.swift; sourceTree = "<group>"; };
		6ECEAE9C28254FAB0004431A /* SpeechRecognizer.swift */ = {isa = PBXFileReference; lastKnownFileType = sourcecode.swift; path = SpeechRecognizer.swift; sourceTree = "<group>"; };
/* End PBXFileReference section */

/* Begin PBXFrameworksBuildPhase section */
		6E88F0AA281FE21700677B47 /* Frameworks */ = {
			isa = PBXFrameworksBuildPhase;
			buildActionMask = 2147483647;
			files = (
			);
			runOnlyForDeploymentPostprocessing = 0;
		};
/* End PBXFrameworksBuildPhase section */

/* Begin PBXGroup section */
		6E88F0A4281FE21700677B47 = {
			isa = PBXGroup;
			children = (
				6E88F0AF281FE21700677B47 /* Welfare Helper */,
				6E88F0AE281FE21700677B47 /* Products */,
			);
			sourceTree = "<group>";
		};
		6E88F0AE281FE21700677B47 /* Products */ = {
			isa = PBXGroup;
			children = (
				6E88F0AD281FE21700677B47 /* Welfare Helper.app */,
			);
			name = Products;
			sourceTree = "<group>";
		};
		6E88F0AF281FE21700677B47 /* Welfare Helper */ = {
			isa = PBXGroup;
			children = (
				6E88F0BE28226ED400677B47 /* Models */,
				6E88F0B0281FE21700677B47 /* Welfare_HelperApp.swift */,
				6E88F0B2281FE21700677B47 /* ContentView.swift */,
				6ECEAE982824F2FC0004431A /* InputView.swift */,
				6ECEAE922822CBE20004431A /* CardView.swift */,
				6E88F0B4281FE22100677B47 /* Assets.xcassets */,
				6E88F0B6281FE22100677B47 /* Preview Content */,
			);
			path = "Welfare Helper";
			sourceTree = "<group>";
		};
		6E88F0B6281FE22100677B47 /* Preview Content */ = {
			isa = PBXGroup;
			children = (
				6E88F0B7281FE22100677B47 /* Preview Assets.xcassets */,
			);
			path = "Preview Content";
			sourceTree = "<group>";
		};
		6E88F0BE28226ED400677B47 /* Models */ = {
			isa = PBXGroup;
			children = (
				6E88F0BF28226F0100677B47 /* Theme.swift */,
				6ECEAE962822D4830004431A /* CardViewStruct.swift */,
				6ECEAE942822D02D0004431A /* CardViewDataSrc.swift */,
				6ECEAE9C28254FAB0004431A /* SpeechRecognizer.swift */,
			);
			path = Models;
			sourceTree = "<group>";
		};
/* End PBXGroup section */

/* Begin PBXNativeTarget section */
		6E88F0AC281FE21700677B47 /* Welfare Helper */ = {
			isa = PBXNativeTarget;
			buildConfigurationList = 6E88F0BB281FE22100677B47 /* Build configuration list for PBXNativeTarget "Welfare Helper" */;
			buildPhases = (
				6E88F0A9281FE21700677B47 /* Sources */,
				6E88F0AA281FE21700677B47 /* Frameworks */,
				6E88F0AB281FE21700677B47 /* Resources */,
			);
			buildRules = (
			);
			dependencies = (
			);
			name = "Welfare Helper";
			productName = "Form Filling Helper";
			productReference = 6E88F0AD281FE21700677B47 /* Welfare Helper.app */;
			productType = "com.apple.product-type.application";
		};
/* End PBXNativeTarget section */

/* Begin PBXProject section */
		6E88F0A5281FE21700677B47 /* Project object */ = {
			isa = PBXProject;
			attributes = {
				BuildIndependentTargetsInParallel = 1;
				LastSwiftUpdateCheck = 1330;
				LastUpgradeCheck = 1330;
				TargetAttributes = {
					6E88F0AC281FE21700677B47 = {
						CreatedOnToolsVersion = 13.3.1;
					};
				};
			};
			buildConfigurationList = 6E88F0A8281FE21700677B47 /* Build configuration list for PBXProject "Welfare Helper" */;
			compatibilityVersion = "Xcode 13.0";
			developmentRegion = en;
			hasScannedForEncodings = 0;
			knownRegions = (
				en,
				Base,
			);
			mainGroup = 6E88F0A4281FE21700677B47;
			productRefGroup = 6E88F0AE281FE21700677B47 /* Products */;
			projectDirPath = "";
			projectRoot = "";
			targets = (
				6E88F0AC281FE21700677B47 /* Welfare Helper */,
			);
		};
/* End PBXProject section */

/* Begin PBXResourcesBuildPhase section */
		6E88F0AB281FE21700677B47 /* Resources */ = {
			isa = PBXResourcesBuildPhase;
			buildActionMask = 2147483647;
			files = (
				6E88F0B8281FE22100677B47 /* Preview Assets.xcassets in Resources */,
				6E88F0B5281FE22100677B47 /* Assets.xcassets in Resources */,
			);
			runOnlyForDeploymentPostprocessing = 0;
		};
/* End PBXResourcesBuildPhase section */

/* Begin PBXSourcesBuildPhase section */
		6E88F0A9281FE21700677B47 /* Sources */ = {
			isa = PBXSourcesBuildPhase;
			buildActionMask = 2147483647;
			files = (
				6ECEAE972822D4830004431A /* CardViewStruct.swift in Sources */,
				6ECEAE9D28254FAB0004431A /* SpeechRecognizer.swift in Sources */,
				6ECEAE992824F2FC0004431A /* InputView.swift in Sources */,
				6E88F0C028226F0100677B47 /* Theme.swift in Sources */,
				6E88F0B3281FE21700677B47 /* ContentView.swift in Sources */,
				6E88F0B1281FE21700677B47 /* Welfare_HelperApp.swift in Sources */,
				6ECEAE932822CBE20004431A /* CardView.swift in Sources */,
				6ECEAE952822D02D0004431A /* CardViewDataSrc.swift in Sources */,
			);
			runOnlyForDeploymentPostprocessing = 0;
		};
/* End PBXSourcesBuildPhase section */

/* Begin XCBuildConfiguration section */
		6E88F0B9281FE22100677B47 /* Debug */ = {
			isa = XCBuildConfiguration;
			buildSettings = {
				ALWAYS_SEARCH_USER_PATHS = NO;
				CLANG_ANALYZER_NONNULL = YES;
				CLANG_ANALYZER_NUMBER_OBJECT_CONVERSION = YES_AGGRESSIVE;
				CLANG_CXX_LANGUAGE_STANDARD = "gnu++17";
				CLANG_ENABLE_MODULES = YES;
				CLANG_ENABLE_OBJC_ARC = YES;
				CLANG_ENABLE_OBJC_WEAK = YES;
				CLANG_WARN_BLOCK_CAPTURE_AUTORELEASING = YES;
				CLANG_WARN_BOOL_CONVERSION = YES;
				CLANG_WARN_COMMA = YES;
				CLANG_WARN_CONSTANT_CONVERSION = YES;
				CLANG_WARN_DEPRECATED_OBJC_IMPLEMENTATIONS = YES;
				CLANG_WARN_DIRECT_OBJC_ISA_USAGE = YES_ERROR;
				CLANG_WARN_DOCUMENTATION_COMMENTS = YES;
				CLANG_WARN_EMPTY_BODY = YES;
				CLANG_WARN_ENUM_CONVERSION = YES;
				CLANG_WARN_INFINITE_RECURSION = YES;
				CLANG_WARN_INT_CONVERSION = YES;
				CLANG_WARN_NON_LITERAL_NULL_CONVERSION = YES;
				CLANG_WARN_OBJC_IMPLICIT_RETAIN_SELF = YES;
				CLANG_WARN_OBJC_LITERAL_CONVERSION = YES;
				CLANG_WARN_OBJC_ROOT_CLASS = YES_ERROR;
				CLANG_WARN_QUOTED_INCLUDE_IN_FRAMEWORK_HEADER = YES;
				CLANG_WARN_RANGE_LOOP_ANALYSIS = YES;
				CLANG_WARN_STRICT_PROTOTYPES = YES;
				CLANG_WARN_SUSPICIOUS_MOVE = YES;
				CLANG_WARN_UNGUARDED_AVAILABILITY = YES_AGGRESSIVE;
				CLANG_WARN_UNREACHABLE_CODE = YES;
				CLANG_WARN__DUPLICATE_METHOD_MATCH = YES;
				COPY_PHASE_STRIP = NO;
				DEBUG_INFORMATION_FORMAT = dwarf;
				ENABLE_STRICT_OBJC_MSGSEND = YES;
				ENABLE_TESTABILITY = YES;
				GCC_C_LANGUAGE_STANDARD = gnu11;
				GCC_DYNAMIC_NO_PIC = NO;
				GCC_NO_COMMON_BLOCKS = YES;
				GCC_OPTIMIZATION_LEVEL = 0;
				GCC_PREPROCESSOR_DEFINITIONS = (
					"DEBUG=1",
					"$(inherited)",
				);
				GCC_WARN_64_TO_32_BIT_CONVERSION = YES;
				GCC_WARN_ABOUT_RETURN_TYPE = YES_ERROR;
				GCC_WARN_UNDECLARED_SELECTOR = YES;
				GCC_WARN_UNINITIALIZED_AUTOS = YES_AGGRESSIVE;
				GCC_WARN_UNUSED_FUNCTION = YES;
				GCC_WARN_UNUSED_VARIABLE = YES;
				IPHONEOS_DEPLOYMENT_TARGET = 15.0;
				MTL_ENABLE_DEBUG_INFO = INCLUDE_SOURCE;
				MTL_FAST_MATH = YES;
				ONLY_ACTIVE_ARCH = YES;
				SDKROOT = iphoneos;
				SWIFT_ACTIVE_COMPILATION_CONDITIONS = DEBUG;
				SWIFT_OPTIMIZATION_LEVEL = "-Onone";
			};
			name = Debug;
		};
		6E88F0BA281FE22100677B47 /* Release */ = {
			isa = XCBuildConfiguration;
			buildSettings = {
				ALWAYS_SEARCH_USER_PATHS = NO;
				CLANG_ANALYZER_NONNULL = YES;
				CLANG_ANALYZER_NUMBER_OBJECT_CONVERSION = YES_AGGRESSIVE;
				CLANG_CXX_LANGUAGE_STANDARD = "gnu++17";
				CLANG_ENABLE_MODULES = YES;
				CLANG_ENABLE_OBJC_ARC = YES;
				CLANG_ENABLE_OBJC_WEAK = YES;
				CLANG_WARN_BLOCK_CAPTURE_AUTORELEASING = YES;
				CLANG_WARN_BOOL_CONVERSION = YES;
				CLANG_WARN_COMMA = YES;
				CLANG_WARN_CONSTANT_CONVERSION = YES;
				CLANG_WARN_DEPRECATED_OBJC_IMPLEMENTATIONS = YES;
				CLANG_WARN_DIRECT_OBJC_ISA_USAGE = YES_ERROR;
				CLANG_WARN_DOCUMENTATION_COMMENTS = YES;
				CLANG_WARN_EMPTY_BODY = YES;
				CLANG_WARN_ENUM_CONVERSION = YES;
				CLANG_WARN_INFINITE_RECURSION = YES;
				CLANG_WARN_INT_CONVERSION = YES;
				CLANG_WARN_NON_LITERAL_NULL_CONVERSION = YES;
				CLANG_WARN_OBJC_IMPLICIT_RETAIN_SELF = YES;
				CLANG_WARN_OBJC_LITERAL_CONVERSION = YES;
				CLANG_WARN_OBJC_ROOT_CLASS = YES_ERROR;
				CLANG_WARN_QUOTED_INCLUDE_IN_FRAMEWORK_HEADER = YES;
				CLANG_WARN_RANGE_LOOP_ANALYSIS = YES;
				CLANG_WARN_STRICT_PROTOTYPES = YES;
				CLANG_WARN_SUSPICIOUS_MOVE = YES;
				CLANG_WARN_UNGUARDED_AVAILABILITY = YES_AGGRESSIVE;
				CLANG_WARN_UNREACHABLE_CODE = YES;
				CLANG_WARN__DUPLICATE_METHOD_MATCH = YES;
				COPY_PHASE_STRIP = NO;
				DEBUG_INFORMATION_FORMAT = "dwarf-with-dsym";
				ENABLE_NS_ASSERTIONS = NO;
				ENABLE_STRICT_OBJC_MSGSEND = YES;
				GCC_C_LANGUAGE_STANDARD = gnu11;
				GCC_NO_COMMON_BLOCKS = YES;
				GCC_WARN_64_TO_32_BIT_CONVERSION = YES;
				GCC_WARN_ABOUT_RETURN_TYPE = YES_ERROR;
				GCC_WARN_UNDECLARED_SELECTOR = YES;
				GCC_WARN_UNINITIALIZED_AUTOS = YES_AGGRESSIVE;
				GCC_WARN_UNUSED_FUNCTION = YES;
				GCC_WARN_UNUSED_VARIABLE = YES;
				IPHONEOS_DEPLOYMENT_TARGET = 15.0;
				MTL_ENABLE_DEBUG_INFO = NO;
				MTL_FAST_MATH = YES;
				SDKROOT = iphoneos;
				SWIFT_COMPILATION_MODE = wholemodule;
				SWIFT_OPTIMIZATION_LEVEL = "-O";
				VALIDATE_PRODUCT = YES;
			};
			name = Release;
		};
		6E88F0BC281FE22100677B47 /* Debug */ = {
			isa = XCBuildConfiguration;
			buildSettings = {
				ASSETCATALOG_COMPILER_APPICON_NAME = AppIcon;
				ASSETCATALOG_COMPILER_GLOBAL_ACCENT_COLOR_NAME = AccentColor;
				CODE_SIGN_STYLE = Automatic;
				CURRENT_PROJECT_VERSION = 1;
				DEVELOPMENT_ASSET_PATHS = "\"Welfare Helper/Preview Content\"";
				ENABLE_PREVIEWS = YES;
				GENERATE_INFOPLIST_FILE = YES;
				INFOPLIST_KEY_NSMicrophoneUsageDescription = "Audio is recorded to transcribe the self introduction. Audio recordings are discarded after transcription.";
				INFOPLIST_KEY_NSSpeechRecognitionUsageDescription = "You can view a text transcription of your self introduction in the app.";
				INFOPLIST_KEY_UIApplicationSceneManifest_Generation = YES;
				INFOPLIST_KEY_UIApplicationSupportsIndirectInputEvents = YES;
				INFOPLIST_KEY_UILaunchScreen_Generation = YES;
				INFOPLIST_KEY_UISupportedInterfaceOrientations_iPad = "UIInterfaceOrientationPortrait UIInterfaceOrientationPortraitUpsideDown UIInterfaceOrientationLandscapeLeft UIInterfaceOrientationLandscapeRight";
				INFOPLIST_KEY_UISupportedInterfaceOrientations_iPhone = "UIInterfaceOrientationPortrait UIInterfaceOrientationLandscapeLeft UIInterfaceOrientationLandscapeRight";
				IPHONEOS_DEPLOYMENT_TARGET = 15.0;
				LD_RUNPATH_SEARCH_PATHS = (
					"$(inherited)",
					"@executable_path/Frameworks",
				);
				MARKETING_VERSION = 1.0;
				PRODUCT_BUNDLE_IDENTIFIER = "hk.edu.hkdi.ddm.laukapui.Welfare-Helper";
				PRODUCT_NAME = "$(TARGET_NAME)";
				SWIFT_EMIT_LOC_STRINGS = YES;
				SWIFT_VERSION = 5.0;
				TARGETED_DEVICE_FAMILY = "1,2";
			};
			name = Debug;
		};
		6E88F0BD281FE22100677B47 /* Release */ = {
			isa = XCBuildConfiguration;
			buildSettings = {
				ASSETCATALOG_COMPILER_APPICON_NAME = AppIcon;
				ASSETCATALOG_COMPILER_GLOBAL_ACCENT_COLOR_NAME = AccentColor;
				CODE_SIGN_STYLE = Automatic;
				CURRENT_PROJECT_VERSION = 1;
				DEVELOPMENT_ASSET_PATHS = "\"Welfare Helper/Preview Content\"";
				ENABLE_PREVIEWS = YES;
				GENERATE_INFOPLIST_FILE = YES;
				INFOPLIST_KEY_NSMicrophoneUsageDescription = "Audio is recorded to transcribe the self introduction. Audio recordings are discarded after transcription.";
				INFOPLIST_KEY_NSSpeechRecognitionUsageDescription = "You can view a text transcription of your self introduction in the app.";
				INFOPLIST_KEY_UIApplicationSceneManifest_Generation = YES;
				INFOPLIST_KEY_UIApplicationSupportsIndirectInputEvents = YES;
				INFOPLIST_KEY_UILaunchScreen_Generation = YES;
				INFOPLIST_KEY_UISupportedInterfaceOrientations_iPad = "UIInterfaceOrientationPortrait UIInterfaceOrientationPortraitUpsideDown UIInterfaceOrientationLandscapeLeft UIInterfaceOrientationLandscapeRight";
				INFOPLIST_KEY_UISupportedInterfaceOrientations_iPhone = "UIInterfaceOrientationPortrait UIInterfaceOrientationLandscapeLeft UIInterfaceOrientationLandscapeRight";
				IPHONEOS_DEPLOYMENT_TARGET = 15.0;
				LD_RUNPATH_SEARCH_PATHS = (
					"$(inherited)",
					"@executable_path/Frameworks",
				);
				MARKETING_VERSION = 1.0;
				PRODUCT_BUNDLE_IDENTIFIER = "hk.edu.hkdi.ddm.laukapui.Welfare-Helper";
				PRODUCT_NAME = "$(TARGET_NAME)";
				SWIFT_EMIT_LOC_STRINGS = YES;
				SWIFT_VERSION = 5.0;
				TARGETED_DEVICE_FAMILY = "1,2";
			};
			name = Release;
		};
/* End XCBuildConfiguration section */

/* Begin XCConfigurationList section */
		6E88F0A8281FE21700677B47 /* Build configuration list for PBXProject "Welfare Helper" */ = {
			isa = XCConfigurationList;
			buildConfigurations = (
				6E88F0B9281FE22100677B47 /* Debug */,
				6E88F0BA281FE22100677B47 /* Release */,
			);
			defaultConfigurationIsVisible = 0;
			defaultConfigurationName = Release;
		};
		6E88F0BB281FE22100677B47 /* Build configuration list for PBXNativeTarget "Welfare Helper" */ = {
			isa = XCConfigurationList;
			buildConfigurations = (
				6E88F0BC281FE22100677B47 /* Debug */,
				6E88F0BD281FE22100677B47 /* Release */,
			);
			defaultConfigurationIsVisible = 0;
			defaultConfigurationName = Release;
		};
/* End XCConfigurationList section */
	};
	rootObject = 6E88F0A5281FE21700677B47 /* Project object */;
}
